
Microsoft Visual Studio Solution File, Format Version 12.00
# Visual Studio Version 16
VisualStudioVersion = 16.0.28922.388
MinimumVisualStudioVersion = 10.0.40219.1
Project("{888888A0-9F3D-457C-B088-3A5042F75D52}") = "LearningFromLabelProportions", "LearningFromLabelProportions\LearningFromLabelProportions.pyproj", "{3137B62B-8EE9-49DB-B80E-AC06EB29DA71}"
EndProject
Global
	GlobalSection(SolutionConfigurationPlatforms) = preSolution
		Debug|Any CPU = Debug|Any CPU
		Release|Any CPU = Release|Any CPU
	EndGlobalSection
	GlobalSection(ProjectConfigurationPlatforms) = postSolution
		{3137B62B-8EE9-49DB-B80E-AC06EB29DA71}.Debug|Any CPU.ActiveCfg = Debug|Any CPU
		{3137B62B-8EE9-49DB-B80E-AC06EB29DA71}.Release|Any CPU.ActiveCfg = Release|Any CPU
	EndGlobalSection
	GlobalSection(SolutionProperties) = preSolution
		HideSolutionNode = FALSE
	EndGlobalSection
	GlobalSection(ExtensibilityGlobals) = postSolution
		SolutionGuid = {1E713A8D-EFD5-495F-86D6-95E2AF6FE874}
	EndGlobalSection
EndGlobal
